
Microsoft Visual Studio Solution File, Format Version 12.00
# Visual Studio Version 17
VisualStudioVersion = 17.14.36401.2 d17.14
MinimumVisualStudioVersion = 10.0.40219.1
Project("{FAE04EC0-301F-11D3-BF4B-00C04F79EFBC}") = "MultipleConditionsDemo", "MultipleConditionsDemo\MultipleConditionsDemo.csproj", "{773BD819-1156-4E7F-8692-FC66A780C98B}"
EndProject
Global
	GlobalSection(SolutionConfigurationPlatforms) = preSolution
		Debug|Any CPU = Debug|Any CPU
		Release|Any CPU = Release|Any CPU
	EndGlobalSection
	GlobalSection(ProjectConfigurationPlatforms) = postSolution
		{773BD819-1156-4E7F-8692-FC66A780C98B}.Debug|Any CPU.ActiveCfg = Debug|Any CPU
		{773BD819-1156-4E7F-8692-FC66A780C98B}.Debug|Any CPU.Build.0 = Debug|Any CPU
		{773BD819-1156-4E7F-8692-FC66A780C98B}.Release|Any CPU.ActiveCfg = Release|Any CPU
		{773BD819-1156-4E7F-8692-FC66A780C98B}.Release|Any CPU.Build.0 = Release|Any CPU
	EndGlobalSection
	GlobalSection(SolutionProperties) = preSolution
		HideSolutionNode = FALSE
	EndGlobalSection
	GlobalSection(ExtensibilityGlobals) = postSolution
		SolutionGuid = {4F6241F3-68A6-4967-979B-E6AF8EFF96A5}
	EndGlobalSection
EndGlobal
