
Microsoft Visual Studio Solution File, Format Version 12.00
# Visual Studio Version 17
VisualStudioVersion = 17.14.36401.2 d17.14
MinimumVisualStudioVersion = 10.0.40219.1
Project("{FAE04EC0-301F-11D3-BF4B-00C04F79EFBC}") = "HelloWork", "HelloWork\HelloWork.csproj", "{0F76FD80-E70F-4162-85FB-DB6E17D4274B}"
EndProject
Global
	GlobalSection(SolutionConfigurationPlatforms) = preSolution
		Debug|Any CPU = Debug|Any CPU
		Release|Any CPU = Release|Any CPU
	EndGlobalSection
	GlobalSection(ProjectConfigurationPlatforms) = postSolution
		{0F76FD80-E70F-4162-85FB-DB6E17D4274B}.Debug|Any CPU.ActiveCfg = Debug|Any CPU
		{0F76FD80-E70F-4162-85FB-DB6E17D4274B}.Debug|Any CPU.Build.0 = Debug|Any CPU
		{0F76FD80-E70F-4162-85FB-DB6E17D4274B}.Release|Any CPU.ActiveCfg = Release|Any CPU
		{0F76FD80-E70F-4162-85FB-DB6E17D4274B}.Release|Any CPU.Build.0 = Release|Any CPU
	EndGlobalSection
	GlobalSection(SolutionProperties) = preSolution
		HideSolutionNode = FALSE
	EndGlobalSection
	GlobalSection(ExtensibilityGlobals) = postSolution
		SolutionGuid = {2C6C849F-8840-4771-826B-6E5DA3D32418}
	EndGlobalSection
EndGlobal
